{
  "nodes": {
    "nixpkgs": {
      "locked": {
        "lastModified": 1605018197,
        "narHash": "sha256-slwvkxaG0wvDAu4+dM5nQSf+hGr4OrWyxF2UmJf1x2c=",
        "owner": "NixOS",
        "repo": "nixpkgs",
        "rev": "e43b443121b43ab7abf13ba2a99607cfd8cf7656",
        "type": "github"
      },
      "original": {
        "id": "nixpkgs",
        "type": "indirect"
      }
    },
    "root": {
      "inputs": {
        "nixpkgs": "nixpkgs"
      }
    }
  },
  "root": "root",
  "version": 7
}
